
Microsoft Visual Studio Solution File, Format Version 12.00
# Visual Studio Version 17
VisualStudioVersion = 17.8.34408.163
MinimumVisualStudioVersion = 10.0.40219.1
Project("{FAE04EC0-301F-11D3-BF4B-00C04F79EFBC}") = "CourierService.Domain", "CourierService.Domain\CourierService.Domain.csproj", "{06056FB6-9C8A-48C8-BA59-AD7848F73994}"
EndProject
Project("{FAE04EC0-301F-11D3-BF4B-00C04F79EFBC}") = "CourierService.Application", "CourierService.Application\CourierService.Application.csproj", "{879234F5-7E10-4A19-A25A-A44CCF3F724D}"
EndProject
Project("{FAE04EC0-301F-11D3-BF4B-00C04F79EFBC}") = "CourierService.Infrastructure", "CourierService.Infrastructure\CourierService.Infrastructure.csproj", "{38BDE55B-E84D-4865-BAB1-4B938734DBBD}"
EndProject
Project("{FAE04EC0-301F-11D3-BF4B-00C04F79EFBC}") = "CourierService.ConsoleApp", "CourierService.ConsoleApp\CourierService.ConsoleApp.csproj", "{99983C1A-911F-42F6-9527-BB06F45F826E}"
EndProject
Project("{FAE04EC0-301F-11D3-BF4B-00C04F79EFBC}") = "CourierService.Tests", "CourierService.Tests\CourierService.Tests.csproj", "{E80E4116-BC48-4A90-A979-E67897433025}"
EndProject
Global
	GlobalSection(SolutionConfigurationPlatforms) = preSolution
		Debug|Any CPU = Debug|Any CPU
		Release|Any CPU = Release|Any CPU
	EndGlobalSection
	GlobalSection(ProjectConfigurationPlatforms) = postSolution
		{06056FB6-9C8A-48C8-BA59-AD7848F73994}.Debug|Any CPU.ActiveCfg = Debug|Any CPU
		{06056FB6-9C8A-48C8-BA59-AD7848F73994}.Debug|Any CPU.Build.0 = Debug|Any CPU
		{06056FB6-9C8A-48C8-BA59-AD7848F73994}.Release|Any CPU.ActiveCfg = Release|Any CPU
		{06056FB6-9C8A-48C8-BA59-AD7848F73994}.Release|Any CPU.Build.0 = Release|Any CPU
		{879234F5-7E10-4A19-A25A-A44CCF3F724D}.Debug|Any CPU.ActiveCfg = Debug|Any CPU
		{879234F5-7E10-4A19-A25A-A44CCF3F724D}.Debug|Any CPU.Build.0 = Debug|Any CPU
		{879234F5-7E10-4A19-A25A-A44CCF3F724D}.Release|Any CPU.ActiveCfg = Release|Any CPU
		{879234F5-7E10-4A19-A25A-A44CCF3F724D}.Release|Any CPU.Build.0 = Release|Any CPU
		{38BDE55B-E84D-4865-BAB1-4B938734DBBD}.Debug|Any CPU.ActiveCfg = Debug|Any CPU
		{38BDE55B-E84D-4865-BAB1-4B938734DBBD}.Debug|Any CPU.Build.0 = Debug|Any CPU
		{38BDE55B-E84D-4865-BAB1-4B938734DBBD}.Release|Any CPU.ActiveCfg = Release|Any CPU
		{38BDE55B-E84D-4865-BAB1-4B938734DBBD}.Release|Any CPU.Build.0 = Release|Any CPU
		{99983C1A-911F-42F6-9527-BB06F45F826E}.Debug|Any CPU.ActiveCfg = Debug|Any CPU
		{99983C1A-911F-42F6-9527-BB06F45F826E}.Debug|Any CPU.Build.0 = Debug|Any CPU
		{99983C1A-911F-42F6-9527-BB06F45F826E}.Release|Any CPU.ActiveCfg = Release|Any CPU
		{99983C1A-911F-42F6-9527-BB06F45F826E}.Release|Any CPU.Build.0 = Release|Any CPU
		{E80E4116-BC48-4A90-A979-E67897433025}.Debug|Any CPU.ActiveCfg = Debug|Any CPU
		{E80E4116-BC48-4A90-A979-E67897433025}.Debug|Any CPU.Build.0 = Debug|Any CPU
		{E80E4116-BC48-4A90-A979-E67897433025}.Release|Any CPU.ActiveCfg = Release|Any CPU
		{E80E4116-BC48-4A90-A979-E67897433025}.Release|Any CPU.Build.0 = Release|Any CPU
	EndGlobalSection
	GlobalSection(SolutionProperties) = preSolution
		HideSolutionNode = FALSE
	EndGlobalSection
	GlobalSection(ExtensibilityGlobals) = postSolution
		SolutionGuid = {C61D0AD2-FD25-4D49-9A39-E10E306D4B81}
	EndGlobalSection
EndGlobal
